lockfileVersion: '9.0'

settings:
  autoInstallPeers: true
  excludeLinksFromLockfile: false

importers:

  .:
    dependencies:
      react:
        specifier: ^19.0.0
        version: 19.0.0
    devDependencies:
      '@tanstack/react-query':
        specifier: ^5.69.3
        version: 5.69.3(react@19.0.0)

packages:

  '@tanstack/query-core@5.69.2':
    resolution: {integrity: sha512-+spKBqGMSxVMhYPMHr4L7efc4CDdb0Y8nE4UxP/FjV4V3ajP3uhBsh0T7pSuObBgYkU+nY1PRkJhKNmwlHmkUg==}

  '@tanstack/react-query@5.69.3':
    resolution: {integrity: sha512-EozCj1aFM/c827GQbVnvEt2x80oBax1vd2e5s/2EDeD469AZW9BPAyRK9VVyD0I1yvO6vOI+tPKXXFcadbSXvA==}
    peerDependencies:
      react: ^18 || ^19

  react@19.0.0:
    resolution: {integrity: sha512-V8AVnmPIICiWpGfm6GLzCR/W5FXLchHop40W4nXBmdlEceh16rCN8O8LNWm5bh5XUX91fh7KpA+W0TgMKmgTpQ==}
    engines: {node: '>=0.10.0'}

snapshots:

  '@tanstack/query-core@5.69.2': {}

  '@tanstack/react-query@5.69.3(react@19.0.0)':
    dependencies:
      '@tanstack/query-core': 5.69.2
      react: 19.0.0

  react@19.0.0: {}
